
Microsoft Visual Studio Solution File, Format Version 12.00
# Visual Studio Version 16
VisualStudioVersion = 16.0.31624.102
MinimumVisualStudioVersion = 10.0.40219.1
Project("{FAE04EC0-301F-11D3-BF4B-00C04F79EFBC}") = "SupaDupaDI.API", "SupaDupaDI.API\SupaDupaDI.API.csproj", "{B06E240C-C809-454D-9533-5A3FE1C43EAE}"
EndProject
Global
	GlobalSection(SolutionConfigurationPlatforms) = preSolution
		Debug|Any CPU = Debug|Any CPU
		Release|Any CPU = Release|Any CPU
	EndGlobalSection
	GlobalSection(ProjectConfigurationPlatforms) = postSolution
		{B06E240C-C809-454D-9533-5A3FE1C43EAE}.Debug|Any CPU.ActiveCfg = Debug|Any CPU
		{B06E240C-C809-454D-9533-5A3FE1C43EAE}.Debug|Any CPU.Build.0 = Debug|Any CPU
		{B06E240C-C809-454D-9533-5A3FE1C43EAE}.Release|Any CPU.ActiveCfg = Release|Any CPU
		{B06E240C-C809-454D-9533-5A3FE1C43EAE}.Release|Any CPU.Build.0 = Release|Any CPU
	EndGlobalSection
	GlobalSection(SolutionProperties) = preSolution
		HideSolutionNode = FALSE
	EndGlobalSection
	GlobalSection(ExtensibilityGlobals) = postSolution
		SolutionGuid = {8B611A80-A5D3-4945-BB57-13A79F7BF95F}
	EndGlobalSection
EndGlobal
